
Microsoft Visual Studio Solution File, Format Version 12.00
# Visual Studio Version 17
VisualStudioVersion = 17.11.35303.130
MinimumVisualStudioVersion = 10.0.40219.1
Project("{FAE04EC0-301F-11D3-BF4B-00C04F79EFBC}") = "Agrolifenet", "Agrolifenet\Agrolifenet.csproj", "{5FDAEFB4-3250-4820-BFF5-4798CF609701}"
EndProject
Project("{FAE04EC0-301F-11D3-BF4B-00C04F79EFBC}") = "Agrolifenet.Dominio", "Agrolifenet.Dominio\Agrolifenet.Dominio.csproj", "{8B21652B-B545-4569-8A9A-A8B6C4108A25}"
EndProject
Global
	GlobalSection(SolutionConfigurationPlatforms) = preSolution
		Debug|Any CPU = Debug|Any CPU
		Release|Any CPU = Release|Any CPU
	EndGlobalSection
	GlobalSection(ProjectConfigurationPlatforms) = postSolution
		{5FDAEFB4-3250-4820-BFF5-4798CF609701}.Debug|Any CPU.ActiveCfg = Debug|Any CPU
		{5FDAEFB4-3250-4820-BFF5-4798CF609701}.Debug|Any CPU.Build.0 = Debug|Any CPU
		{5FDAEFB4-3250-4820-BFF5-4798CF609701}.Release|Any CPU.ActiveCfg = Release|Any CPU
		{5FDAEFB4-3250-4820-BFF5-4798CF609701}.Release|Any CPU.Build.0 = Release|Any CPU
		{8B21652B-B545-4569-8A9A-A8B6C4108A25}.Debug|Any CPU.ActiveCfg = Debug|Any CPU
		{8B21652B-B545-4569-8A9A-A8B6C4108A25}.Debug|Any CPU.Build.0 = Debug|Any CPU
		{8B21652B-B545-4569-8A9A-A8B6C4108A25}.Release|Any CPU.ActiveCfg = Release|Any CPU
		{8B21652B-B545-4569-8A9A-A8B6C4108A25}.Release|Any CPU.Build.0 = Release|Any CPU
	EndGlobalSection
	GlobalSection(SolutionProperties) = preSolution
		HideSolutionNode = FALSE
	EndGlobalSection
	GlobalSection(ExtensibilityGlobals) = postSolution
		SolutionGuid = {E1DD9C75-4F3B-4069-A750-1EDA52390526}
	EndGlobalSection
EndGlobal
